{
  "name": "http-json-server",
  "version": "1.0.0",
  "lockfileVersion": 1,
  "requires": true,
  "dependencies": {
    "@types/faker": {
      "version": "4.1.4",
      "resolved": "https://registry.npmjs.org/@types/faker/-/faker-4.1.4.tgz",
      "integrity": "sha512-6vQk2Ky+s3oehh//1bB/4I4ApYcRN2dLcHm0fuUOcXvnv9fXCfSKkI6K/dRicJkyjcAO23r4lAwbk9j9fOB0Ug==",
      "dev": true
    },
    "@types/node": {
      "version": "10.12.12",
      "resolved": "https://registry.npmjs.org/@types/node/-/node-10.12.12.tgz",
      "integrity": "sha512-Pr+6JRiKkfsFvmU/LK68oBRCQeEg36TyAbPhc2xpez24OOZZCuoIhWGTd39VZy6nGafSbxzGouFPTFD/rR1A0A==",
      "dev": true
    },
    "dom": {
      "version": "0.0.3",
      "resolved": "https://registry.npmjs.org/dom/-/dom-0.0.3.tgz",
      "integrity": "sha1-FuDCJaBVPY5DYsxLzXjY/eWa9ns="
    },
    "faker": {
      "version": "4.1.0",
      "resolved": "https://registry.npmjs.org/faker/-/faker-4.1.0.tgz",
      "integrity": "sha1-HkW7vsxndLPBlfrSg1EJxtdIzD8=",
      "dev": true
    },
    "sys": {
      "version": "0.0.1",
      "resolved": "https://registry.npmjs.org/sys/-/sys-0.0.1.tgz",
      "integrity": "sha1-NIDMaVcUkFt6vOUKVaWjmFmX5hk=",
      "dev": true
    },
    "ts-promise": {
      "version": "2.1.0",
      "resolved": "https://registry.npmjs.org/ts-promise/-/ts-promise-2.1.0.tgz",
      "integrity": "sha512-184k2W1YX0BN1Un9ct+Z1XxHVwF3RAPyceNwCh8+58xQlKbUY7sckigHltw04XFVx+bk+NNSEQHTD1JirLwGZg=="
    },
    "typescript": {
      "version": "3.2.1",
      "resolved": "https://registry.npmjs.org/typescript/-/typescript-3.2.1.tgz",
      "integrity": "sha512-jw7P2z/h6aPT4AENXDGjcfHTu5CSqzsbZc6YlUIebTyBAq8XaKp78x7VcSh30xwSCcsu5irZkYZUSFP1MrAMbg=="
    }
  }
}
